{
    "_readme": [
        "This file locks the dependencies of your project to a known state",
        "Read more about it at https://getcomposer.org/doc/01-basic-usage.md#installing-dependencies",
        "This file is @generated automatically"
    ],
    "content-hash": "34b89ac8294f8a599c6e62b3727b6fe4",
    "packages": [
        {
            "name": "composer/installers",
            "version": "v1.6.0",
            "source": {
                "type": "git",
                "url": "https://github.com/composer/installers.git",
                "reference": "cfcca6b1b60bc4974324efb5783c13dca6932b5b"
            },
            "dist": {
                "type": "zip",
                "url": "https://api.github.com/repos/composer/installers/zipball/cfcca6b1b60bc4974324efb5783c13dca6932b5b",
                "reference": "cfcca6b1b60bc4974324efb5783c13dca6932b5b",
                "shasum": ""
            },
            "require": {
                "composer-plugin-api": "^1.0"
            },
            "replace": {
                "roundcube/plugin-installer": "*",
                "shama/baton": "*"
            },
            "require-dev": {
                "composer/composer": "1.0.*@dev",
                "phpunit/phpunit": "^4.8.36"
            },
            "type": "composer-plugin",
            "extra": {
                "class": "Composer\\Installers\\Plugin",
                "branch-alias": {
                    "dev-master": "1.0-dev"
                }
            },
            "autoload": {
                "psr-4": {
                    "Composer\\Installers\\": "src/Composer/Installers"
                }
            },
            "notification-url": "https://packagist.org/downloads/",
            "license": [
                "MIT"
            ],
            "authors": [
                {
                    "name": "Kyle Robinson Young",
                    "email": "kyle@dontkry.com",
                    "homepage": "https://github.com/shama"
                }
            ],
            "description": "A multi-framework Composer library installer",
            "homepage": "https://composer.github.io/installers/",
            "keywords": [
                "Craft",
                "Dolibarr",
                "Eliasis",
                "Hurad",
                "ImageCMS",
                "Kanboard",
                "Lan Management System",
                "MODX Evo",
                "Mautic",
                "Maya",
                "OXID",
                "Plentymarkets",
                "Porto",
                "RadPHP",
                "SMF",
                "Thelia",
                "WolfCMS",
                "agl",
                "aimeos",
                "annotatecms",
                "attogram",
                "bitrix",
                "cakephp",
                "chef",
                "cockpit",
                "codeigniter",
                "concrete5",
                "croogo",
                "dokuwiki",
                "drupal",
                "eZ Platform",
                "elgg",
                "expressionengine",
                "fuelphp",
                "grav",
                "installer",
                "itop",
                "joomla",
                "kohana",
                "laravel",
                "lavalite",
                "lithium",
                "magento",
                "majima",
                "mako",
                "mediawiki",
                "modulework",
                "modx",
                "moodle",
                "osclass",
                "phpbb",
                "piwik",
                "ppi",
                "puppet",
                "pxcms",
                "reindex",
                "roundcube",
                "shopware",
                "silverstripe",
                "sydes",
                "symfony",
                "typo3",
                "wordpress",
                "yawik",
                "zend",
                "zikula"
            ],
            "time": "2018-08-27T06:10:37+00:00"
        },
        {
            "name": "enshrined/svg-sanitize",
            "version": "0.13.1",
            "source": {
                "type": "git",
                "url": "https://github.com/darylldoyle/svg-sanitizer.git",
                "reference": "6add43e5c5649bc40e3afcb68c522720dcb336f9"
            },
            "dist": {
                "type": "zip",
                "url": "https://api.github.com/repos/darylldoyle/svg-sanitizer/zipball/6add43e5c5649bc40e3afcb68c522720dcb336f9",
                "reference": "6add43e5c5649bc40e3afcb68c522720dcb336f9",
                "shasum": ""
            },
            "require": {
                "ext-dom": "*",
                "ext-libxml": "*"
            },
            "require-dev": {
                "codeclimate/php-test-reporter": "^0.1.2",
                "phpunit/phpunit": "^6"
            },
            "type": "library",
            "autoload": {
                "psr-4": {
                    "enshrined\\svgSanitize\\": "src"
                }
            },
            "notification-url": "https://packagist.org/downloads/",
            "license": [
                "GPL-2.0-or-later"
            ],
            "authors": [
                {
                    "name": "Daryll Doyle",
                    "email": "daryll@enshrined.co.uk"
                }
            ],
            "description": "An SVG sanitizer for PHP",
            "time": "2019-12-09T08:43:12+00:00"
        },
        {
            "name": "jjgrainger/posttypes",
            "version": "2.0.1",
            "source": {
                "type": "git",
                "url": "https://github.com/jjgrainger/PostTypes.git",
                "reference": "04525d30d30ec19fef3478676b4f27aa405ac3a6"
            },
            "dist": {
                "type": "zip",
                "url": "https://api.github.com/repos/jjgrainger/PostTypes/zipball/04525d30d30ec19fef3478676b4f27aa405ac3a6",
                "reference": "04525d30d30ec19fef3478676b4f27aa405ac3a6",
                "shasum": ""
            },
            "require": {
                "php": ">=5.6"
            },
            "require-dev": {
                "phpunit/phpunit": "5.7",
                "squizlabs/php_codesniffer": "^2.8"
            },
            "type": "library",
            "autoload": {
                "psr-4": {
                    "PostTypes\\": "src/"
                }
            },
            "notification-url": "https://packagist.org/downloads/",
            "license": [
                "MIT"
            ],
            "authors": [
                {
                    "name": "Joe Grainger",
                    "email": "hello@jjgrainger.co.uk",
                    "homepage": "http://jjgrainger.co.uk"
                }
            ],
            "description": "Simple WordPress custom post types.",
            "homepage": "https://github.com/jjgrainger/posttype",
            "time": "2018-03-27T18:30:06+00:00"
        },
        {
            "name": "samrap/acf-fluent",
            "version": "v0.4.0",
            "source": {
                "type": "git",
                "url": "https://github.com/samrap/acf-fluent.git",
                "reference": "55af7560a8c395088fa8e0cd424641bd20cdb8e0"
            },
            "dist": {
                "type": "zip",
                "url": "https://api.github.com/repos/samrap/acf-fluent/zipball/55af7560a8c395088fa8e0cd424641bd20cdb8e0",
                "reference": "55af7560a8c395088fa8e0cd424641bd20cdb8e0",
                "shasum": ""
            },
            "require": {
                "php": ">=7.0"
            },
            "require-dev": {
                "phpunit/phpunit": "^6.0"
            },
            "type": "library",
            "autoload": {
                "psr-4": {
                    "Samrap\\Acf\\": "src/"
                }
            },
            "notification-url": "https://packagist.org/downloads/",
            "license": [
                "MIT"
            ],
            "authors": [
                {
                    "name": "Sam Rapaport",
                    "email": "me@samrapdev.com"
                }
            ],
            "description": "A fluent interface for the Advanced Custom Fields WordPress plugin",
            "keywords": [
                "acf",
                "fluent",
                "helper",
                "interface",
                "wordpress",
                "wrapper"
            ],
            "time": "2018-02-01T21:44:09+00:00"
        },
        {
            "name": "soberwp/intervention",
            "version": "1.2.0-p",
            "source": {
                "type": "git",
                "url": "https://github.com/soberwp/intervention.git",
                "reference": "1698e51efe696c5867fb78ef7c5d2efff9b79260"
            },
            "dist": {
                "type": "zip",
                "url": "https://api.github.com/repos/soberwp/intervention/zipball/1698e51efe696c5867fb78ef7c5d2efff9b79260",
                "reference": "1698e51efe696c5867fb78ef7c5d2efff9b79260",
                "shasum": ""
            },
            "require": {
                "composer/installers": "~1.0",
                "php": ">=5.4.0"
            },
            "require-dev": {
                "squizlabs/php_codesniffer": "2.*"
            },
            "type": "package",
            "autoload": {
                "psr-4": {
                    "Sober\\Intervention\\": "src/",
                    "Sober\\Intervention\\Module\\": "src/modules/"
                },
                "files": [
                    "intervention.php"
                ]
            },
            "notification-url": "https://packagist.org/downloads/",
            "license": [
                "MIT"
            ],
            "authors": [
                {
                    "name": "Darren Jacoby",
                    "email": "darren@jacoby.co.za",
                    "homepage": "https://twitter.com/withjacoby"
                }
            ],
            "description": "WordPress plugin containing modules to cleanup and customize wp-admin.",
            "homepage": "https://github.com/soberwp",
            "keywords": [
                "wordpress"
            ],
            "time": "2017-08-26T12:21:27+00:00"
        }
    ],
    "packages-dev": [],
    "aliases": [],
    "minimum-stability": "stable",
    "stability-flags": [],
    "prefer-stable": false,
    "prefer-lowest": false,
    "platform": {
        "php": ">=7.1"
    },
    "platform-dev": []
}
